
Microsoft Visual Studio Solution File, Format Version 12.00
# Visual Studio Version 16
VisualStudioVersion = 16.0.29102.190
MinimumVisualStudioVersion = 10.0.40219.1
Project("{9A19103F-16F7-4668-BE54-9A1E7A4F7556}") = "Owin", "Owin\Owin.csproj", "{1FF7EE76-61F0-4AE2-B0F2-00257645EF36}"
EndProject
Project("{9A19103F-16F7-4668-BE54-9A1E7A4F7556}") = "Owin.Interface", "Owin.Interface\Owin.Interface.csproj", "{3F778799-14FB-4AA7-814D-A6B84C18A129}"
EndProject
Project("{2150E333-8FDC-42A3-9474-1A3956D46DE8}") = "Tests", "Tests", "{2DA2FAC6-D35F-4DCE-BC46-7D0C6D167453}"
EndProject
Project("{9A19103F-16F7-4668-BE54-9A1E7A4F7556}") = "Test.Owin", "Tests\Test.Owin\Test.Owin.csproj", "{579CEE8F-DDF8-410A-AF55-8E4547948B3F}"
EndProject
Project("{9A19103F-16F7-4668-BE54-9A1E7A4F7556}") = "Owin.Host.HttpListener", "Owin.Host.HttpListener\Owin.Host.HttpListener.csproj", "{A7E6EEBB-7FA9-4263-9BF5-1B8460B28CBE}"
EndProject
Project("{9A19103F-16F7-4668-BE54-9A1E7A4F7556}") = "Test.Owin.Host.HttpListener", "Tests\Test.Owin.Host.HttpListener\Test.Owin.Host.HttpListener.csproj", "{75F30949-5973-4C0D-9024-345E7CF52D9C}"
EndProject
Project("{FAE04EC0-301F-11D3-BF4B-00C04F79EFBC}") = "Owin.Interface.Host.HttpListener", "Owin.Interface.Host.HttpListener\Owin.Interface.Host.HttpListener.csproj", "{FBB6789E-32FD-4262-B1F6-70F438106B87}"
EndProject
Global
	GlobalSection(SolutionConfigurationPlatforms) = preSolution
		Debug|Any CPU = Debug|Any CPU
		Release|Any CPU = Release|Any CPU
	EndGlobalSection
	GlobalSection(ProjectConfigurationPlatforms) = postSolution
		{1FF7EE76-61F0-4AE2-B0F2-00257645EF36}.Debug|Any CPU.ActiveCfg = Debug|Any CPU
		{1FF7EE76-61F0-4AE2-B0F2-00257645EF36}.Debug|Any CPU.Build.0 = Debug|Any CPU
		{1FF7EE76-61F0-4AE2-B0F2-00257645EF36}.Release|Any CPU.ActiveCfg = Release|Any CPU
		{1FF7EE76-61F0-4AE2-B0F2-00257645EF36}.Release|Any CPU.Build.0 = Release|Any CPU
		{3F778799-14FB-4AA7-814D-A6B84C18A129}.Debug|Any CPU.ActiveCfg = Debug|Any CPU
		{3F778799-14FB-4AA7-814D-A6B84C18A129}.Debug|Any CPU.Build.0 = Debug|Any CPU
		{3F778799-14FB-4AA7-814D-A6B84C18A129}.Release|Any CPU.ActiveCfg = Release|Any CPU
		{3F778799-14FB-4AA7-814D-A6B84C18A129}.Release|Any CPU.Build.0 = Release|Any CPU
		{579CEE8F-DDF8-410A-AF55-8E4547948B3F}.Debug|Any CPU.ActiveCfg = Debug|Any CPU
		{579CEE8F-DDF8-410A-AF55-8E4547948B3F}.Debug|Any CPU.Build.0 = Debug|Any CPU
		{579CEE8F-DDF8-410A-AF55-8E4547948B3F}.Release|Any CPU.ActiveCfg = Release|Any CPU
		{579CEE8F-DDF8-410A-AF55-8E4547948B3F}.Release|Any CPU.Build.0 = Release|Any CPU
		{A7E6EEBB-7FA9-4263-9BF5-1B8460B28CBE}.Debug|Any CPU.ActiveCfg = Debug|Any CPU
		{A7E6EEBB-7FA9-4263-9BF5-1B8460B28CBE}.Debug|Any CPU.Build.0 = Debug|Any CPU
		{A7E6EEBB-7FA9-4263-9BF5-1B8460B28CBE}.Release|Any CPU.ActiveCfg = Release|Any CPU
		{A7E6EEBB-7FA9-4263-9BF5-1B8460B28CBE}.Release|Any CPU.Build.0 = Release|Any CPU
		{75F30949-5973-4C0D-9024-345E7CF52D9C}.Debug|Any CPU.ActiveCfg = Debug|Any CPU
		{75F30949-5973-4C0D-9024-345E7CF52D9C}.Debug|Any CPU.Build.0 = Debug|Any CPU
		{75F30949-5973-4C0D-9024-345E7CF52D9C}.Release|Any CPU.ActiveCfg = Release|Any CPU
		{75F30949-5973-4C0D-9024-345E7CF52D9C}.Release|Any CPU.Build.0 = Release|Any CPU
		{FBB6789E-32FD-4262-B1F6-70F438106B87}.Debug|Any CPU.ActiveCfg = Debug|Any CPU
		{FBB6789E-32FD-4262-B1F6-70F438106B87}.Debug|Any CPU.Build.0 = Debug|Any CPU
		{FBB6789E-32FD-4262-B1F6-70F438106B87}.Release|Any CPU.ActiveCfg = Release|Any CPU
		{FBB6789E-32FD-4262-B1F6-70F438106B87}.Release|Any CPU.Build.0 = Release|Any CPU
	EndGlobalSection
	GlobalSection(SolutionProperties) = preSolution
		HideSolutionNode = FALSE
	EndGlobalSection
	GlobalSection(NestedProjects) = preSolution
		{579CEE8F-DDF8-410A-AF55-8E4547948B3F} = {2DA2FAC6-D35F-4DCE-BC46-7D0C6D167453}
		{75F30949-5973-4C0D-9024-345E7CF52D9C} = {2DA2FAC6-D35F-4DCE-BC46-7D0C6D167453}
	EndGlobalSection
	GlobalSection(ExtensibilityGlobals) = postSolution
		SolutionGuid = {82325756-AA9C-44D5-8158-55A87D32E271}
	EndGlobalSection
EndGlobal
